
Microsoft Visual Studio Solution File, Format Version 12.00
# Visual Studio Version 16
VisualStudioVersion = 16.0.30523.141
MinimumVisualStudioVersion = 10.0.40219.1
Project("{FAE04EC0-301F-11D3-BF4B-00C04F79EFBC}") = "AppMvc", "src\AppMvc\AppMvc.csproj", "{9830133F-E904-460D-A9C2-66BF3E50C6D6}"
EndProject
Global
	GlobalSection(SolutionConfigurationPlatforms) = preSolution
		Debug|Any CPU = Debug|Any CPU
		Release|Any CPU = Release|Any CPU
	EndGlobalSection
	GlobalSection(ProjectConfigurationPlatforms) = postSolution
		{9830133F-E904-460D-A9C2-66BF3E50C6D6}.Debug|Any CPU.ActiveCfg = Debug|Any CPU
		{9830133F-E904-460D-A9C2-66BF3E50C6D6}.Debug|Any CPU.Build.0 = Debug|Any CPU
		{9830133F-E904-460D-A9C2-66BF3E50C6D6}.Release|Any CPU.ActiveCfg = Release|Any CPU
		{9830133F-E904-460D-A9C2-66BF3E50C6D6}.Release|Any CPU.Build.0 = Release|Any CPU
	EndGlobalSection
	GlobalSection(SolutionProperties) = preSolution
		HideSolutionNode = FALSE
	EndGlobalSection
	GlobalSection(ExtensibilityGlobals) = postSolution
		SolutionGuid = {2F724982-2C17-427C-B86C-6074977E331B}
	EndGlobalSection
EndGlobal
